
Microsoft Visual Studio Solution File, Format Version 12.00
# Visual Studio Version 17
VisualStudioVersion = 17.0.32014.148
MinimumVisualStudioVersion = 10.0.40219.1
Project("{8BC9CEB8-8B4A-11D0-8D11-00A0C91BC942}") = "Vish", "Vish\Vish.vcxproj", "{6CAB62DD-AF0B-4306-82CB-A6D4EFF5C4F6}"
EndProject
Global
	GlobalSection(SolutionConfigurationPlatforms) = preSolution
		Debug|x64 = Debug|x64
		Debug|x86 = Debug|x86
		Release|x64 = Release|x64
		Release|x86 = Release|x86
	EndGlobalSection
	GlobalSection(ProjectConfigurationPlatforms) = postSolution
		{6CAB62DD-AF0B-4306-82CB-A6D4EFF5C4F6}.Debug|x64.ActiveCfg = Debug|x64
		{6CAB62DD-AF0B-4306-82CB-A6D4EFF5C4F6}.Debug|x64.Build.0 = Debug|x64
		{6CAB62DD-AF0B-4306-82CB-A6D4EFF5C4F6}.Debug|x86.ActiveCfg = Debug|Win32
		{6CAB62DD-AF0B-4306-82CB-A6D4EFF5C4F6}.Debug|x86.Build.0 = Debug|Win32
		{6CAB62DD-AF0B-4306-82CB-A6D4EFF5C4F6}.Release|x64.ActiveCfg = Release|x64
		{6CAB62DD-AF0B-4306-82CB-A6D4EFF5C4F6}.Release|x64.Build.0 = Release|x64
		{6CAB62DD-AF0B-4306-82CB-A6D4EFF5C4F6}.Release|x86.ActiveCfg = Release|Win32
		{6CAB62DD-AF0B-4306-82CB-A6D4EFF5C4F6}.Release|x86.Build.0 = Release|Win32
	EndGlobalSection
	GlobalSection(SolutionProperties) = preSolution
		HideSolutionNode = FALSE
	EndGlobalSection
	GlobalSection(ExtensibilityGlobals) = postSolution
		SolutionGuid = {20AE6CCD-8251-4AB2-8BEB-876EA23CA8EC}
	EndGlobalSection
EndGlobal
